// !$*UTF8*$!
{
	archiveVersion = 1;
	classes = {
	};
	objectVersion = 52;
	objects = {

/* Begin PBXBuildFile section */
		FABC5E0B244770A800C2EE95 /* UIViewController+alert.swift in Sources */ = {isa = PBXBuildFile; fileRef = FABC5E0A244770A800C2EE95 /* UIViewController+alert.swift */; };
		FABC5E142447AC0C00C2EE95 /* ReadrrTests.swift in Sources */ = {isa = PBXBuildFile; fileRef = FABC5E132447AC0C00C2EE95 /* ReadrrTests.swift */; };
		FABC5E1C2447B28C00C2EE95 /* String+Additions.swift in Sources */ = {isa = PBXBuildFile; fileRef = FABC5E1B2447B28C00C2EE95 /* String+Additions.swift */; };
		FABC5E202447BD4800C2EE95 /* LibraryViewController.swift in Sources */ = {isa = PBXBuildFile; fileRef = FABC5E1F2447BD4800C2EE95 /* LibraryViewController.swift */; };
		FADF23CE24460EE200E15D4E /* AppDelegate.swift in Sources */ = {isa = PBXBuildFile; fileRef = FADF23CD24460EE200E15D4E /* AppDelegate.swift */; };
		FADF23D024460EE200E15D4E /* SceneDelegate.swift in Sources */ = {isa = PBXBuildFile; fileRef = FADF23CF24460EE200E15D4E /* SceneDelegate.swift */; };
		FADF23D224460EE200E15D4E /* FirstViewController.swift in Sources */ = {isa = PBXBuildFile; fileRef = FADF23D124460EE200E15D4E /* FirstViewController.swift */; };
		FADF23D424460EE200E15D4E /* AuthViewController.swift in Sources */ = {isa = PBXBuildFile; fileRef = FADF23D324460EE200E15D4E /* AuthViewController.swift */; };
		FADF23D724460EE200E15D4E /* Main.storyboard in Resources */ = {isa = PBXBuildFile; fileRef = FADF23D524460EE200E15D4E /* Main.storyboard */; };
		FADF23D924460EE500E15D4E /* Assets.xcassets in Resources */ = {isa = PBXBuildFile; fileRef = FADF23D824460EE500E15D4E /* Assets.xcassets */; };
		FADF23DC24460EE500E15D4E /* LaunchScreen.storyboard in Resources */ = {isa = PBXBuildFile; fileRef = FADF23DA24460EE500E15D4E /* LaunchScreen.storyboard */; };
		FADF23EB24464FEB00E15D4E /* UIElements.swift in Sources */ = {isa = PBXBuildFile; fileRef = FADF23EA24464FEB00E15D4E /* UIElements.swift */; };
		FADF23EE244660BF00E15D4E /* AuthenticationController.swift in Sources */ = {isa = PBXBuildFile; fileRef = FADF23ED244660BF00E15D4E /* AuthenticationController.swift */; };
		FADF23F12446610400E15D4E /* Alamofire in Frameworks */ = {isa = PBXBuildFile; productRef = FADF23F02446610400E15D4E /* Alamofire */; };
		FADF23F42446613B00E15D4E /* KeychainSwift in Frameworks */ = {isa = PBXBuildFile; productRef = FADF23F32446613B00E15D4E /* KeychainSwift */; };
		FADF23F62446622F00E15D4E /* Keys.swift in Sources */ = {isa = PBXBuildFile; fileRef = FADF23F52446622F00E15D4E /* Keys.swift */; };
		FADF23F82446630800E15D4E /* User.swift in Sources */ = {isa = PBXBuildFile; fileRef = FADF23F72446630800E15D4E /* User.swift */; };
		FADF23FB2446649700E15D4E /* KeychainSwift+shared.swift in Sources */ = {isa = PBXBuildFile; fileRef = FADF23FA2446649700E15D4E /* KeychainSwift+shared.swift */; };
/* End PBXBuildFile section */

/* Begin PBXContainerItemProxy section */
		FABC5E162447AC0C00C2EE95 /* PBXContainerItemProxy */ = {
			isa = PBXContainerItemProxy;
			containerPortal = FADF23C224460EE200E15D4E /* Project object */;
			proxyType = 1;
			remoteGlobalIDString = FADF23C924460EE200E15D4E;
			remoteInfo = Readrr;
		};
/* End PBXContainerItemProxy section */

/* Begin PBXFileReference section */
		FABC5E0A244770A800C2EE95 /* UIViewController+alert.swift */ = {isa = PBXFileReference; lastKnownFileType = sourcecode.swift; path = "UIViewController+alert.swift"; sourceTree = "<group>"; };
		FABC5E112447AC0C00C2EE95 /* ReadrrTests.xctest */ = {isa = PBXFileReference; explicitFileType = wrapper.cfbundle; includeInIndex = 0; path = ReadrrTests.xctest; sourceTree = BUILT_PRODUCTS_DIR; };
		FABC5E132447AC0C00C2EE95 /* ReadrrTests.swift */ = {isa = PBXFileReference; lastKnownFileType = sourcecode.swift; path = ReadrrTests.swift; sourceTree = "<group>"; };
		FABC5E152447AC0C00C2EE95 /* Info.plist */ = {isa = PBXFileReference; lastKnownFileType = text.plist.xml; path = Info.plist; sourceTree = "<group>"; };
		FABC5E1B2447B28C00C2EE95 /* String+Additions.swift */ = {isa = PBXFileReference; lastKnownFileType = sourcecode.swift; path = "String+Additions.swift"; sourceTree = "<group>"; };
		FABC5E1F2447BD4800C2EE95 /* LibraryViewController.swift */ = {isa = PBXFileReference; lastKnownFileType = sourcecode.swift; path = LibraryViewController.swift; sourceTree = "<group>"; };
		FADF23CA24460EE200E15D4E /* Readrr.app */ = {isa = PBXFileReference; explicitFileType = wrapper.application; includeInIndex = 0; path = Readrr.app; sourceTree = BUILT_PRODUCTS_DIR; };
		FADF23CD24460EE200E15D4E /* AppDelegate.swift */ = {isa = PBXFileReference; lastKnownFileType = sourcecode.swift; path = AppDelegate.swift; sourceTree = "<group>"; };
		FADF23CF24460EE200E15D4E /* SceneDelegate.swift */ = {isa = PBXFileReference; lastKnownFileType = sourcecode.swift; path = SceneDelegate.swift; sourceTree = "<group>"; };
		FADF23D124460EE200E15D4E /* FirstViewController.swift */ = {isa = PBXFileReference; lastKnownFileType = sourcecode.swift; path = FirstViewController.swift; sourceTree = "<group>"; };
		FADF23D324460EE200E15D4E /* AuthViewController.swift */ = {isa = PBXFileReference; lastKnownFileType = sourcecode.swift; path = AuthViewController.swift; sourceTree = "<group>"; };
		FADF23D624460EE200E15D4E /* Base */ = {isa = PBXFileReference; lastKnownFileType = file.storyboard; name = Base; path = Base.lproj/Main.storyboard; sourceTree = "<group>"; };
		FADF23D824460EE500E15D4E /* Assets.xcassets */ = {isa = PBXFileReference; lastKnownFileType = folder.assetcatalog; path = Assets.xcassets; sourceTree = "<group>"; };
		FADF23DB24460EE500E15D4E /* Base */ = {isa = PBXFileReference; lastKnownFileType = file.storyboard; name = Base; path = Base.lproj/LaunchScreen.storyboard; sourceTree = "<group>"; };
		FADF23DD24460EE500E15D4E /* Info.plist */ = {isa = PBXFileReference; lastKnownFileType = text.plist.xml; path = Info.plist; sourceTree = "<group>"; };
		FADF23EA24464FEB00E15D4E /* UIElements.swift */ = {isa = PBXFileReference; lastKnownFileType = sourcecode.swift; path = UIElements.swift; sourceTree = "<group>"; };
		FADF23ED244660BF00E15D4E /* AuthenticationController.swift */ = {isa = PBXFileReference; lastKnownFileType = sourcecode.swift; path = AuthenticationController.swift; sourceTree = "<group>"; };
		FADF23F52446622F00E15D4E /* Keys.swift */ = {isa = PBXFileReference; lastKnownFileType = sourcecode.swift; name = Keys.swift; path = UIElements/Keys.swift; sourceTree = "<group>"; };
		FADF23F72446630800E15D4E /* User.swift */ = {isa = PBXFileReference; lastKnownFileType = sourcecode.swift; path = User.swift; sourceTree = "<group>"; };
		FADF23FA2446649700E15D4E /* KeychainSwift+shared.swift */ = {isa = PBXFileReference; lastKnownFileType = sourcecode.swift; path = "KeychainSwift+shared.swift"; sourceTree = "<group>"; };
/* End PBXFileReference section */

/* Begin PBXFrameworksBuildPhase section */
		FABC5E0E2447AC0C00C2EE95 /* Frameworks */ = {
			isa = PBXFrameworksBuildPhase;
			buildActionMask = 2147483647;
			files = (
			);
			runOnlyForDeploymentPostprocessing = 0;
		};
		FADF23C724460EE200E15D4E /* Frameworks */ = {
			isa = PBXFrameworksBuildPhase;
			buildActionMask = 2147483647;
			files = (
				FADF23F42446613B00E15D4E /* KeychainSwift in Frameworks */,
				FADF23F12446610400E15D4E /* Alamofire in Frameworks */,
			);
			runOnlyForDeploymentPostprocessing = 0;
		};
/* End PBXFrameworksBuildPhase section */

/* Begin PBXGroup section */
		FABC5E122447AC0C00C2EE95 /* ReadrrTests */ = {
			isa = PBXGroup;
			children = (
				FABC5E132447AC0C00C2EE95 /* ReadrrTests.swift */,
				FABC5E152447AC0C00C2EE95 /* Info.plist */,
			);
			path = ReadrrTests;
			sourceTree = "<group>";
		};
		FADF23C124460EE200E15D4E = {
			isa = PBXGroup;
			children = (
				FADF23CC24460EE200E15D4E /* Readrr */,
				FABC5E122447AC0C00C2EE95 /* ReadrrTests */,
				FADF23CB24460EE200E15D4E /* Products */,
			);
			sourceTree = "<group>";
		};
		FADF23CB24460EE200E15D4E /* Products */ = {
			isa = PBXGroup;
			children = (
				FADF23CA24460EE200E15D4E /* Readrr.app */,
				FABC5E112447AC0C00C2EE95 /* ReadrrTests.xctest */,
			);
			name = Products;
			sourceTree = "<group>";
		};
		FADF23CC24460EE200E15D4E /* Readrr */ = {
			isa = PBXGroup;
			children = (
				FADF23E624460FFE00E15D4E /* Storyboards */,
				FADF23E424460F0400E15D4E /* Search */,
				FADF23E324460EF100E15D4E /* Authentication */,
				FABC5E1F2447BD4800C2EE95 /* LibraryViewController.swift */,
				FADF23E524460F1400E15D4E /* Resources */,
			);
			path = Readrr;
			sourceTree = "<group>";
		};
		FADF23E324460EF100E15D4E /* Authentication */ = {
			isa = PBXGroup;
			children = (
				FADF23D324460EE200E15D4E /* AuthViewController.swift */,
				FADF23ED244660BF00E15D4E /* AuthenticationController.swift */,
				FADF23F72446630800E15D4E /* User.swift */,
			);
			path = Authentication;
			sourceTree = "<group>";
		};
		FADF23E424460F0400E15D4E /* Search */ = {
			isa = PBXGroup;
			children = (
				FADF23D124460EE200E15D4E /* FirstViewController.swift */,
			);
			path = Search;
			sourceTree = "<group>";
		};
		FADF23E524460F1400E15D4E /* Resources */ = {
			isa = PBXGroup;
			children = (
				FADF23F92446647E00E15D4E /* Extensions */,
				FADF23E924464FD500E15D4E /* UIElements */,
				FADF23F52446622F00E15D4E /* Keys.swift */,
				FADF23CF24460EE200E15D4E /* SceneDelegate.swift */,
				FADF23CD24460EE200E15D4E /* AppDelegate.swift */,
				FADF23D824460EE500E15D4E /* Assets.xcassets */,
				FADF23DD24460EE500E15D4E /* Info.plist */,
			);
			path = Resources;
			sourceTree = "<group>";
		};
		FADF23E624460FFE00E15D4E /* Storyboards */ = {
			isa = PBXGroup;
			children = (
				FADF23D524460EE200E15D4E /* Main.storyboard */,
				FADF23DA24460EE500E15D4E /* LaunchScreen.storyboard */,
			);
			path = Storyboards;
			sourceTree = "<group>";
		};
		FADF23E924464FD500E15D4E /* UIElements */ = {
			isa = PBXGroup;
			children = (
				FADF23EA24464FEB00E15D4E /* UIElements.swift */,
			);
			path = UIElements;
			sourceTree = "<group>";
		};
		FADF23F92446647E00E15D4E /* Extensions */ = {
			isa = PBXGroup;
			children = (
				FADF23FA2446649700E15D4E /* KeychainSwift+shared.swift */,
				FABC5E0A244770A800C2EE95 /* UIViewController+alert.swift */,
				FABC5E1B2447B28C00C2EE95 /* String+Additions.swift */,
			);
			path = Extensions;
			sourceTree = "<group>";
		};
/* End PBXGroup section */

/* Begin PBXNativeTarget section */
		FABC5E102447AC0C00C2EE95 /* ReadrrTests */ = {
			isa = PBXNativeTarget;
			buildConfigurationList = FABC5E182447AC0C00C2EE95 /* Build configuration list for PBXNativeTarget "ReadrrTests" */;
			buildPhases = (
				FABC5E0D2447AC0C00C2EE95 /* Sources */,
				FABC5E0E2447AC0C00C2EE95 /* Frameworks */,
				FABC5E0F2447AC0C00C2EE95 /* Resources */,
			);
			buildRules = (
			);
			dependencies = (
				FABC5E172447AC0C00C2EE95 /* PBXTargetDependency */,
			);
			name = ReadrrTests;
			productName = ReadrrTests;
			productReference = FABC5E112447AC0C00C2EE95 /* ReadrrTests.xctest */;
			productType = "com.apple.product-type.bundle.unit-test";
		};
		FADF23C924460EE200E15D4E /* Readrr */ = {
			isa = PBXNativeTarget;
			buildConfigurationList = FADF23E024460EE500E15D4E /* Build configuration list for PBXNativeTarget "Readrr" */;
			buildPhases = (
				FADF23C624460EE200E15D4E /* Sources */,
				FADF23C724460EE200E15D4E /* Frameworks */,
				FADF23C824460EE200E15D4E /* Resources */,
			);
			buildRules = (
			);
			dependencies = (
			);
			name = Readrr;
			packageProductDependencies = (
				FADF23F02446610400E15D4E /* Alamofire */,
				FADF23F32446613B00E15D4E /* KeychainSwift */,
			);
			productName = Readrr;
			productReference = FADF23CA24460EE200E15D4E /* Readrr.app */;
			productType = "com.apple.product-type.application";
		};
/* End PBXNativeTarget section */

/* Begin PBXProject section */
		FADF23C224460EE200E15D4E /* Project object */ = {
			isa = PBXProject;
			attributes = {
				LastSwiftUpdateCheck = 1140;
				LastUpgradeCheck = 1140;
				ORGANIZATIONNAME = "Alexander Supe";
				TargetAttributes = {
					FABC5E102447AC0C00C2EE95 = {
						CreatedOnToolsVersion = 11.4;
						TestTargetID = FADF23C924460EE200E15D4E;
					};
					FADF23C924460EE200E15D4E = {
						CreatedOnToolsVersion = 11.4;
					};
				};
			};
			buildConfigurationList = FADF23C524460EE200E15D4E /* Build configuration list for PBXProject "Readrr" */;
			compatibilityVersion = "Xcode 9.3";
			developmentRegion = en;
			hasScannedForEncodings = 0;
			knownRegions = (
				en,
				Base,
			);
			mainGroup = FADF23C124460EE200E15D4E;
			packageReferences = (
				FADF23EF2446610400E15D4E /* XCRemoteSwiftPackageReference "Alamofire" */,
				FADF23F22446613B00E15D4E /* XCRemoteSwiftPackageReference "keychain-swift" */,
			);
			productRefGroup = FADF23CB24460EE200E15D4E /* Products */;
			projectDirPath = "";
			projectRoot = "";
			targets = (
				FADF23C924460EE200E15D4E /* Readrr */,
				FABC5E102447AC0C00C2EE95 /* ReadrrTests */,
			);
		};
/* End PBXProject section */

/* Begin PBXResourcesBuildPhase section */
		FABC5E0F2447AC0C00C2EE95 /* Resources */ = {
			isa = PBXResourcesBuildPhase;
			buildActionMask = 2147483647;
			files = (
			);
			runOnlyForDeploymentPostprocessing = 0;
		};
		FADF23C824460EE200E15D4E /* Resources */ = {
			isa = PBXResourcesBuildPhase;
			buildActionMask = 2147483647;
			files = (
				FADF23DC24460EE500E15D4E /* LaunchScreen.storyboard in Resources */,
				FADF23D924460EE500E15D4E /* Assets.xcassets in Resources */,
				FADF23D724460EE200E15D4E /* Main.storyboard in Resources */,
			);
			runOnlyForDeploymentPostprocessing = 0;
		};
/* End PBXResourcesBuildPhase section */

/* Begin PBXSourcesBuildPhase section */
		FABC5E0D2447AC0C00C2EE95 /* Sources */ = {
			isa = PBXSourcesBuildPhase;
			buildActionMask = 2147483647;
			files = (
				FABC5E142447AC0C00C2EE95 /* ReadrrTests.swift in Sources */,
			);
			runOnlyForDeploymentPostprocessing = 0;
		};
		FADF23C624460EE200E15D4E /* Sources */ = {
			isa = PBXSourcesBuildPhase;
			buildActionMask = 2147483647;
			files = (
				FADF23FB2446649700E15D4E /* KeychainSwift+shared.swift in Sources */,
				FADF23D424460EE200E15D4E /* AuthViewController.swift in Sources */,
				FADF23D224460EE200E15D4E /* FirstViewController.swift in Sources */,
				FADF23CE24460EE200E15D4E /* AppDelegate.swift in Sources */,
				FADF23EE244660BF00E15D4E /* AuthenticationController.swift in Sources */,
				FADF23F82446630800E15D4E /* User.swift in Sources */,
				FADF23F62446622F00E15D4E /* Keys.swift in Sources */,
				FADF23D024460EE200E15D4E /* SceneDelegate.swift in Sources */,
				FADF23EB24464FEB00E15D4E /* UIElements.swift in Sources */,
				FABC5E0B244770A800C2EE95 /* UIViewController+alert.swift in Sources */,
				FABC5E202447BD4800C2EE95 /* LibraryViewController.swift in Sources */,
				FABC5E1C2447B28C00C2EE95 /* String+Additions.swift in Sources */,
			);
			runOnlyForDeploymentPostprocessing = 0;
		};
/* End PBXSourcesBuildPhase section */

/* Begin PBXTargetDependency section */
		FABC5E172447AC0C00C2EE95 /* PBXTargetDependency */ = {
			isa = PBXTargetDependency;
			target = FADF23C924460EE200E15D4E /* Readrr */;
			targetProxy = FABC5E162447AC0C00C2EE95 /* PBXContainerItemProxy */;
		};
/* End PBXTargetDependency section */

/* Begin PBXVariantGroup section */
		FADF23D524460EE200E15D4E /* Main.storyboard */ = {
			isa = PBXVariantGroup;
			children = (
				FADF23D624460EE200E15D4E /* Base */,
			);
			name = Main.storyboard;
			sourceTree = "<group>";
		};
		FADF23DA24460EE500E15D4E /* LaunchScreen.storyboard */ = {
			isa = PBXVariantGroup;
			children = (
				FADF23DB24460EE500E15D4E /* Base */,
			);
			name = LaunchScreen.storyboard;
			sourceTree = "<group>";
		};
/* End PBXVariantGroup section */

/* Begin XCBuildConfiguration section */
		FABC5E192447AC0C00C2EE95 /* Debug */ = {
			isa = XCBuildConfiguration;
			buildSettings = {
				BUNDLE_LOADER = "$(TEST_HOST)";
				CODE_SIGN_STYLE = Automatic;
				DEVELOPMENT_TEAM = VXUQXR6S56;
				INFOPLIST_FILE = ReadrrTests/Info.plist;
				LD_RUNPATH_SEARCH_PATHS = (
					"$(inherited)",
					"@executable_path/Frameworks",
					"@loader_path/Frameworks",
				);
				PRODUCT_BUNDLE_IDENTIFIER = com.lambdaschool.ReadrrTests;
				PRODUCT_NAME = "$(TARGET_NAME)";
				SWIFT_VERSION = 5.0;
				TARGETED_DEVICE_FAMILY = "1,2";
				TEST_HOST = "$(BUILT_PRODUCTS_DIR)/Readrr.app/Readrr";
			};
			name = Debug;
		};
		FABC5E1A2447AC0C00C2EE95 /* Release */ = {
			isa = XCBuildConfiguration;
			buildSettings = {
				BUNDLE_LOADER = "$(TEST_HOST)";
				CODE_SIGN_STYLE = Automatic;
				DEVELOPMENT_TEAM = VXUQXR6S56;
				INFOPLIST_FILE = ReadrrTests/Info.plist;
				LD_RUNPATH_SEARCH_PATHS = (
					"$(inherited)",
					"@executable_path/Frameworks",
					"@loader_path/Frameworks",
				);
				PRODUCT_BUNDLE_IDENTIFIER = com.lambdaschool.ReadrrTests;
				PRODUCT_NAME = "$(TARGET_NAME)";
				SWIFT_VERSION = 5.0;
				TARGETED_DEVICE_FAMILY = "1,2";
				TEST_HOST = "$(BUILT_PRODUCTS_DIR)/Readrr.app/Readrr";
			};
			name = Release;
		};
		FADF23DE24460EE500E15D4E /* Debug */ = {
			isa = XCBuildConfiguration;
			buildSettings = {
				ALWAYS_SEARCH_USER_PATHS = NO;
				CLANG_ANALYZER_NONNULL = YES;
				CLANG_ANALYZER_NUMBER_OBJECT_CONVERSION = YES_AGGRESSIVE;
				CLANG_CXX_LANGUAGE_STANDARD = "gnu++14";
				CLANG_CXX_LIBRARY = "libc++";
				CLANG_ENABLE_MODULES = YES;
				CLANG_ENABLE_OBJC_ARC = YES;
				CLANG_ENABLE_OBJC_WEAK = YES;
				CLANG_WARN_BLOCK_CAPTURE_AUTORELEASING = YES;
				CLANG_WARN_BOOL_CONVERSION = YES;
				CLANG_WARN_COMMA = YES;
				CLANG_WARN_CONSTANT_CONVERSION = YES;
				CLANG_WARN_DEPRECATED_OBJC_IMPLEMENTATIONS = YES;
				CLANG_WARN_DIRECT_OBJC_ISA_USAGE = YES_ERROR;
				CLANG_WARN_DOCUMENTATION_COMMENTS = YES;
				CLANG_WARN_EMPTY_BODY = YES;
				CLANG_WARN_ENUM_CONVERSION = YES;
				CLANG_WARN_INFINITE_RECURSION = YES;
				CLANG_WARN_INT_CONVERSION = YES;
				CLANG_WARN_NON_LITERAL_NULL_CONVERSION = YES;
				CLANG_WARN_OBJC_IMPLICIT_RETAIN_SELF = YES;
				CLANG_WARN_OBJC_LITERAL_CONVERSION = YES;
				CLANG_WARN_OBJC_ROOT_CLASS = YES_ERROR;
				CLANG_WARN_RANGE_LOOP_ANALYSIS = YES;
				CLANG_WARN_STRICT_PROTOTYPES = YES;
				CLANG_WARN_SUSPICIOUS_MOVE = YES;
				CLANG_WARN_UNGUARDED_AVAILABILITY = YES_AGGRESSIVE;
				CLANG_WARN_UNREACHABLE_CODE = YES;
				CLANG_WARN__DUPLICATE_METHOD_MATCH = YES;
				COPY_PHASE_STRIP = NO;
				DEBUG_INFORMATION_FORMAT = dwarf;
				ENABLE_STRICT_OBJC_MSGSEND = YES;
				ENABLE_TESTABILITY = YES;
				GCC_C_LANGUAGE_STANDARD = gnu11;
				GCC_DYNAMIC_NO_PIC = NO;
				GCC_NO_COMMON_BLOCKS = YES;
				GCC_OPTIMIZATION_LEVEL = 0;
				GCC_PREPROCESSOR_DEFINITIONS = (
					"DEBUG=1",
					"$(inherited)",
				);
				GCC_WARN_64_TO_32_BIT_CONVERSION = YES;
				GCC_WARN_ABOUT_RETURN_TYPE = YES_ERROR;
				GCC_WARN_UNDECLARED_SELECTOR = YES;
				GCC_WARN_UNINITIALIZED_AUTOS = YES_AGGRESSIVE;
				GCC_WARN_UNUSED_FUNCTION = YES;
				GCC_WARN_UNUSED_VARIABLE = YES;
				IPHONEOS_DEPLOYMENT_TARGET = 13.4;
				MTL_ENABLE_DEBUG_INFO = INCLUDE_SOURCE;
				MTL_FAST_MATH = YES;
				ONLY_ACTIVE_ARCH = YES;
				SDKROOT = iphoneos;
				SWIFT_ACTIVE_COMPILATION_CONDITIONS = DEBUG;
				SWIFT_OPTIMIZATION_LEVEL = "-Onone";
			};
			name = Debug;
		};
		FADF23DF24460EE500E15D4E /* Release */ = {
			isa = XCBuildConfiguration;
			buildSettings = {
				ALWAYS_SEARCH_USER_PATHS = NO;
				CLANG_ANALYZER_NONNULL = YES;
				CLANG_ANALYZER_NUMBER_OBJECT_CONVERSION = YES_AGGRESSIVE;
				CLANG_CXX_LANGUAGE_STANDARD = "gnu++14";
				CLANG_CXX_LIBRARY = "libc++";
				CLANG_ENABLE_MODULES = YES;
				CLANG_ENABLE_OBJC_ARC = YES;
				CLANG_ENABLE_OBJC_WEAK = YES;
				CLANG_WARN_BLOCK_CAPTURE_AUTORELEASING = YES;
				CLANG_WARN_BOOL_CONVERSION = YES;
				CLANG_WARN_COMMA = YES;
				CLANG_WARN_CONSTANT_CONVERSION = YES;
				CLANG_WARN_DEPRECATED_OBJC_IMPLEMENTATIONS = YES;
				CLANG_WARN_DIRECT_OBJC_ISA_USAGE = YES_ERROR;
				CLANG_WARN_DOCUMENTATION_COMMENTS = YES;
				CLANG_WARN_EMPTY_BODY = YES;
				CLANG_WARN_ENUM_CONVERSION = YES;
				CLANG_WARN_INFINITE_RECURSION = YES;
				CLANG_WARN_INT_CONVERSION = YES;
				CLANG_WARN_NON_LITERAL_NULL_CONVERSION = YES;
				CLANG_WARN_OBJC_IMPLICIT_RETAIN_SELF = YES;
				CLANG_WARN_OBJC_LITERAL_CONVERSION = YES;
				CLANG_WARN_OBJC_ROOT_CLASS = YES_ERROR;
				CLANG_WARN_RANGE_LOOP_ANALYSIS = YES;
				CLANG_WARN_STRICT_PROTOTYPES = YES;
				CLANG_WARN_SUSPICIOUS_MOVE = YES;
				CLANG_WARN_UNGUARDED_AVAILABILITY = YES_AGGRESSIVE;
				CLANG_WARN_UNREACHABLE_CODE = YES;
				CLANG_WARN__DUPLICATE_METHOD_MATCH = YES;
				COPY_PHASE_STRIP = NO;
				DEBUG_INFORMATION_FORMAT = "dwarf-with-dsym";
				ENABLE_NS_ASSERTIONS = NO;
				ENABLE_STRICT_OBJC_MSGSEND = YES;
				GCC_C_LANGUAGE_STANDARD = gnu11;
				GCC_NO_COMMON_BLOCKS = YES;
				GCC_WARN_64_TO_32_BIT_CONVERSION = YES;
				GCC_WARN_ABOUT_RETURN_TYPE = YES_ERROR;
				GCC_WARN_UNDECLARED_SELECTOR = YES;
				GCC_WARN_UNINITIALIZED_AUTOS = YES_AGGRESSIVE;
				GCC_WARN_UNUSED_FUNCTION = YES;
				GCC_WARN_UNUSED_VARIABLE = YES;
				IPHONEOS_DEPLOYMENT_TARGET = 13.4;
				MTL_ENABLE_DEBUG_INFO = NO;
				MTL_FAST_MATH = YES;
				SDKROOT = iphoneos;
				SWIFT_COMPILATION_MODE = wholemodule;
				SWIFT_OPTIMIZATION_LEVEL = "-O";
				VALIDATE_PRODUCT = YES;
			};
			name = Release;
		};
		FADF23E124460EE500E15D4E /* Debug */ = {
			isa = XCBuildConfiguration;
			buildSettings = {
				ASSETCATALOG_COMPILER_APPICON_NAME = AppIcon;
				CODE_SIGN_STYLE = Automatic;
				DEVELOPMENT_TEAM = VXUQXR6S56;
				INFOPLIST_FILE = Readrr/Resources/Info.plist;
				LD_RUNPATH_SEARCH_PATHS = (
					"$(inherited)",
					"@executable_path/Frameworks",
				);
				PRODUCT_BUNDLE_IDENTIFIER = com.lambdaschool.Readrr;
				PRODUCT_NAME = "$(TARGET_NAME)";
				SWIFT_VERSION = 5.0;
				TARGETED_DEVICE_FAMILY = "1,2";
			};
			name = Debug;
		};
		FADF23E224460EE500E15D4E /* Release */ = {
			isa = XCBuildConfiguration;
			buildSettings = {
				ASSETCATALOG_COMPILER_APPICON_NAME = AppIcon;
				CODE_SIGN_STYLE = Automatic;
				DEVELOPMENT_TEAM = VXUQXR6S56;
				INFOPLIST_FILE = Readrr/Resources/Info.plist;
				LD_RUNPATH_SEARCH_PATHS = (
					"$(inherited)",
					"@executable_path/Frameworks",
				);
				PRODUCT_BUNDLE_IDENTIFIER = com.lambdaschool.Readrr;
				PRODUCT_NAME = "$(TARGET_NAME)";
				SWIFT_VERSION = 5.0;
				TARGETED_DEVICE_FAMILY = "1,2";
			};
			name = Release;
		};
/* End XCBuildConfiguration section */

/* Begin XCConfigurationList section */
		FABC5E182447AC0C00C2EE95 /* Build configuration list for PBXNativeTarget "ReadrrTests" */ = {
			isa = XCConfigurationList;
			buildConfigurations = (
				FABC5E192447AC0C00C2EE95 /* Debug */,
				FABC5E1A2447AC0C00C2EE95 /* Release */,
			);
			defaultConfigurationIsVisible = 0;
			defaultConfigurationName = Release;
		};
		FADF23C524460EE200E15D4E /* Build configuration list for PBXProject "Readrr" */ = {
			isa = XCConfigurationList;
			buildConfigurations = (
				FADF23DE24460EE500E15D4E /* Debug */,
				FADF23DF24460EE500E15D4E /* Release */,
			);
			defaultConfigurationIsVisible = 0;
			defaultConfigurationName = Release;
		};
		FADF23E024460EE500E15D4E /* Build configuration list for PBXNativeTarget "Readrr" */ = {
			isa = XCConfigurationList;
			buildConfigurations = (
				FADF23E124460EE500E15D4E /* Debug */,
				FADF23E224460EE500E15D4E /* Release */,
			);
			defaultConfigurationIsVisible = 0;
			defaultConfigurationName = Release;
		};
/* End XCConfigurationList section */

/* Begin XCRemoteSwiftPackageReference section */
		FADF23EF2446610400E15D4E /* XCRemoteSwiftPackageReference "Alamofire" */ = {
			isa = XCRemoteSwiftPackageReference;
			repositoryURL = "https://github.com/Alamofire/Alamofire.git";
			requirement = {
				kind = upToNextMajorVersion;
				minimumVersion = 5.1.0;
			};
		};
		FADF23F22446613B00E15D4E /* XCRemoteSwiftPackageReference "keychain-swift" */ = {
			isa = XCRemoteSwiftPackageReference;
			repositoryURL = "https://github.com/evgenyneu/keychain-swift.git";
			requirement = {
				kind = upToNextMajorVersion;
				minimumVersion = 19.0.0;
			};
		};
/* End XCRemoteSwiftPackageReference section */

/* Begin XCSwiftPackageProductDependency section */
		FADF23F02446610400E15D4E /* Alamofire */ = {
			isa = XCSwiftPackageProductDependency;
			package = FADF23EF2446610400E15D4E /* XCRemoteSwiftPackageReference "Alamofire" */;
			productName = Alamofire;
		};
		FADF23F32446613B00E15D4E /* KeychainSwift */ = {
			isa = XCSwiftPackageProductDependency;
			package = FADF23F22446613B00E15D4E /* XCRemoteSwiftPackageReference "keychain-swift" */;
			productName = KeychainSwift;
		};
/* End XCSwiftPackageProductDependency section */
	};
	rootObject = FADF23C224460EE200E15D4E /* Project object */;
}
