// !$*UTF8*$!
{
	archiveVersion = 1;
	classes = {
	};
	objectVersion = 50;
	objects = {

/* Begin PBXBuildFile section */
		1B102ACB244E17790095733B /* SearchTableViewController.swift in Sources */ = {isa = PBXBuildFile; fileRef = 1B102ACA244E17790095733B /* SearchTableViewController.swift */; };
		1B102ACD244E2F600095733B /* SignInViewController.swift in Sources */ = {isa = PBXBuildFile; fileRef = 1B102ACC244E2F600095733B /* SignInViewController.swift */; };
		1B102AD0244E390E0095733B /* SearchResultView.swift in Sources */ = {isa = PBXBuildFile; fileRef = 1B102ACF244E390E0095733B /* SearchResultView.swift */; };
		1B102AD2244E3A380095733B /* SearchResultTableViewCell.swift in Sources */ = {isa = PBXBuildFile; fileRef = 1B102AD1244E3A380095733B /* SearchResultTableViewCell.swift */; };
		1B102AD5244E41D00095733B /* Book.swift in Sources */ = {isa = PBXBuildFile; fileRef = 1B102AD4244E41D00095733B /* Book.swift */; };
		1B102AD824524D3F0095733B /* SearchController.swift in Sources */ = {isa = PBXBuildFile; fileRef = 1B102AD724524D3E0095733B /* SearchController.swift */; };
		7732DCE2244F7DF400C82B7F /* User.swift in Sources */ = {isa = PBXBuildFile; fileRef = 7732DCE1244F7DF400C82B7F /* User.swift */; };
		7732DCE5244F7F6900C82B7F /* UserController.swift in Sources */ = {isa = PBXBuildFile; fileRef = 7732DCE4244F7F6900C82B7F /* UserController.swift */; };
		7732DCEE244FA93800C82B7F /* FrankRuhlLibre-Black.ttf in Resources */ = {isa = PBXBuildFile; fileRef = 7732DCED244FA8F000C82B7F /* FrankRuhlLibre-Black.ttf */; };
		7732DCEF244FA93A00C82B7F /* FrankRuhlLibre-Bold.ttf in Resources */ = {isa = PBXBuildFile; fileRef = 7732DCE9244FA8EF00C82B7F /* FrankRuhlLibre-Bold.ttf */; };
		7732DCF0244FA93C00C82B7F /* FrankRuhlLibre-Light.ttf in Resources */ = {isa = PBXBuildFile; fileRef = 7732DCEC244FA8F000C82B7F /* FrankRuhlLibre-Light.ttf */; };
		7732DCF1244FA93E00C82B7F /* FrankRuhlLibre-Medium.ttf in Resources */ = {isa = PBXBuildFile; fileRef = 7732DCEB244FA8F000C82B7F /* FrankRuhlLibre-Medium.ttf */; };
		7732DCF2244FA94000C82B7F /* FrankRuhlLibre-Regular.ttf in Resources */ = {isa = PBXBuildFile; fileRef = 7732DCEA244FA8F000C82B7F /* FrankRuhlLibre-Regular.ttf */; };
		7732DD02244FACEA00C82B7F /* SourceSansPro-Black.ttf in Resources */ = {isa = PBXBuildFile; fileRef = 7732DCFC244FACE200C82B7F /* SourceSansPro-Black.ttf */; };
		7732DD03244FACEC00C82B7F /* SourceSansPro-BlackItalic.ttf in Resources */ = {isa = PBXBuildFile; fileRef = 7732DD01244FACE200C82B7F /* SourceSansPro-BlackItalic.ttf */; };
		7732DD04244FACEE00C82B7F /* SourceSansPro-Bold.ttf in Resources */ = {isa = PBXBuildFile; fileRef = 7732DCF8244FACE100C82B7F /* SourceSansPro-Bold.ttf */; };
		7732DD05244FACF000C82B7F /* SourceSansPro-BoldItalic.ttf in Resources */ = {isa = PBXBuildFile; fileRef = 7732DD00244FACE200C82B7F /* SourceSansPro-BoldItalic.ttf */; };
		7732DD06244FACF300C82B7F /* SourceSansPro-ExtraLight.ttf in Resources */ = {isa = PBXBuildFile; fileRef = 7732DCF7244FACE100C82B7F /* SourceSansPro-ExtraLight.ttf */; };
		7732DD07244FACF600C82B7F /* SourceSansPro-ExtraLightItalic.ttf in Resources */ = {isa = PBXBuildFile; fileRef = 7732DCFD244FACE200C82B7F /* SourceSansPro-ExtraLightItalic.ttf */; };
		7732DD08244FACF800C82B7F /* SourceSansPro-Italic.ttf in Resources */ = {isa = PBXBuildFile; fileRef = 7732DCFF244FACE200C82B7F /* SourceSansPro-Italic.ttf */; };
		7732DD09244FACFA00C82B7F /* SourceSansPro-Light.ttf in Resources */ = {isa = PBXBuildFile; fileRef = 7732DCFA244FACE200C82B7F /* SourceSansPro-Light.ttf */; };
		7732DD0A244FACFC00C82B7F /* SourceSansPro-LightItalic.ttf in Resources */ = {isa = PBXBuildFile; fileRef = 7732DCF6244FACE100C82B7F /* SourceSansPro-LightItalic.ttf */; };
		7732DD0B244FACFE00C82B7F /* SourceSansPro-Regular.ttf in Resources */ = {isa = PBXBuildFile; fileRef = 7732DCF9244FACE100C82B7F /* SourceSansPro-Regular.ttf */; };
		7732DD0C244FAD0000C82B7F /* SourceSansPro-SemiBold.ttf in Resources */ = {isa = PBXBuildFile; fileRef = 7732DCFB244FACE200C82B7F /* SourceSansPro-SemiBold.ttf */; };
		7732DD0D244FAD0200C82B7F /* SourceSansPro-SemiBoldItalic.ttf in Resources */ = {isa = PBXBuildFile; fileRef = 7732DCFE244FACE200C82B7F /* SourceSansPro-SemiBoldItalic.ttf */; };
		773F109E245390030012B8DA /* Validators.swift in Sources */ = {isa = PBXBuildFile; fileRef = 773F109D245390030012B8DA /* Validators.swift */; };
		777B65A32450E5F7007D01E8 /* EmailValidation.swift in Sources */ = {isa = PBXBuildFile; fileRef = 777B65A22450E5F7007D01E8 /* EmailValidation.swift */; };
		777B65A52450EC86007D01E8 /* Ideas.swift in Sources */ = {isa = PBXBuildFile; fileRef = 777B65A42450EC86007D01E8 /* Ideas.swift */; };
		77B6A3992448F5A400FF604B /* AppDelegate.swift in Sources */ = {isa = PBXBuildFile; fileRef = 77B6A3982448F5A400FF604B /* AppDelegate.swift */; };
		77B6A39B2448F5A400FF604B /* SceneDelegate.swift in Sources */ = {isa = PBXBuildFile; fileRef = 77B6A39A2448F5A400FF604B /* SceneDelegate.swift */; };
		77B6A3A02448F5A400FF604B /* Main.storyboard in Resources */ = {isa = PBXBuildFile; fileRef = 77B6A39E2448F5A400FF604B /* Main.storyboard */; };
		77B6A3A22448F5A600FF604B /* Assets.xcassets in Resources */ = {isa = PBXBuildFile; fileRef = 77B6A3A12448F5A600FF604B /* Assets.xcassets */; };
		77B6A3A52448F5A600FF604B /* LaunchScreen.storyboard in Resources */ = {isa = PBXBuildFile; fileRef = 77B6A3A32448F5A600FF604B /* LaunchScreen.storyboard */; };
/* End PBXBuildFile section */

/* Begin PBXFileReference section */
		1B102ACA244E17790095733B /* SearchTableViewController.swift */ = {isa = PBXFileReference; lastKnownFileType = sourcecode.swift; path = SearchTableViewController.swift; sourceTree = "<group>"; };
		1B102ACC244E2F600095733B /* SignInViewController.swift */ = {isa = PBXFileReference; lastKnownFileType = sourcecode.swift; path = SignInViewController.swift; sourceTree = "<group>"; };
		1B102ACF244E390E0095733B /* SearchResultView.swift */ = {isa = PBXFileReference; lastKnownFileType = sourcecode.swift; path = SearchResultView.swift; sourceTree = "<group>"; };
		1B102AD1244E3A380095733B /* SearchResultTableViewCell.swift */ = {isa = PBXFileReference; lastKnownFileType = sourcecode.swift; path = SearchResultTableViewCell.swift; sourceTree = "<group>"; };
		1B102AD4244E41D00095733B /* Book.swift */ = {isa = PBXFileReference; lastKnownFileType = sourcecode.swift; path = Book.swift; sourceTree = "<group>"; };
		1B102AD724524D3E0095733B /* SearchController.swift */ = {isa = PBXFileReference; lastKnownFileType = sourcecode.swift; path = SearchController.swift; sourceTree = "<group>"; };
		7732DCE1244F7DF400C82B7F /* User.swift */ = {isa = PBXFileReference; lastKnownFileType = sourcecode.swift; path = User.swift; sourceTree = "<group>"; };
		7732DCE4244F7F6900C82B7F /* UserController.swift */ = {isa = PBXFileReference; lastKnownFileType = sourcecode.swift; path = UserController.swift; sourceTree = "<group>"; };
		7732DCE9244FA8EF00C82B7F /* FrankRuhlLibre-Bold.ttf */ = {isa = PBXFileReference; lastKnownFileType = file; path = "FrankRuhlLibre-Bold.ttf"; sourceTree = "<group>"; };
		7732DCEA244FA8F000C82B7F /* FrankRuhlLibre-Regular.ttf */ = {isa = PBXFileReference; lastKnownFileType = file; path = "FrankRuhlLibre-Regular.ttf"; sourceTree = "<group>"; };
		7732DCEB244FA8F000C82B7F /* FrankRuhlLibre-Medium.ttf */ = {isa = PBXFileReference; lastKnownFileType = file; path = "FrankRuhlLibre-Medium.ttf"; sourceTree = "<group>"; };
		7732DCEC244FA8F000C82B7F /* FrankRuhlLibre-Light.ttf */ = {isa = PBXFileReference; lastKnownFileType = file; path = "FrankRuhlLibre-Light.ttf"; sourceTree = "<group>"; };
		7732DCED244FA8F000C82B7F /* FrankRuhlLibre-Black.ttf */ = {isa = PBXFileReference; lastKnownFileType = file; path = "FrankRuhlLibre-Black.ttf"; sourceTree = "<group>"; };
		7732DCF6244FACE100C82B7F /* SourceSansPro-LightItalic.ttf */ = {isa = PBXFileReference; lastKnownFileType = file; path = "SourceSansPro-LightItalic.ttf"; sourceTree = "<group>"; };
		7732DCF7244FACE100C82B7F /* SourceSansPro-ExtraLight.ttf */ = {isa = PBXFileReference; lastKnownFileType = file; path = "SourceSansPro-ExtraLight.ttf"; sourceTree = "<group>"; };
		7732DCF8244FACE100C82B7F /* SourceSansPro-Bold.ttf */ = {isa = PBXFileReference; lastKnownFileType = file; path = "SourceSansPro-Bold.ttf"; sourceTree = "<group>"; };
		7732DCF9244FACE100C82B7F /* SourceSansPro-Regular.ttf */ = {isa = PBXFileReference; lastKnownFileType = file; path = "SourceSansPro-Regular.ttf"; sourceTree = "<group>"; };
		7732DCFA244FACE200C82B7F /* SourceSansPro-Light.ttf */ = {isa = PBXFileReference; lastKnownFileType = file; path = "SourceSansPro-Light.ttf"; sourceTree = "<group>"; };
		7732DCFB244FACE200C82B7F /* SourceSansPro-SemiBold.ttf */ = {isa = PBXFileReference; lastKnownFileType = file; path = "SourceSansPro-SemiBold.ttf"; sourceTree = "<group>"; };
		7732DCFC244FACE200C82B7F /* SourceSansPro-Black.ttf */ = {isa = PBXFileReference; lastKnownFileType = file; path = "SourceSansPro-Black.ttf"; sourceTree = "<group>"; };
		7732DCFD244FACE200C82B7F /* SourceSansPro-ExtraLightItalic.ttf */ = {isa = PBXFileReference; lastKnownFileType = file; path = "SourceSansPro-ExtraLightItalic.ttf"; sourceTree = "<group>"; };
		7732DCFE244FACE200C82B7F /* SourceSansPro-SemiBoldItalic.ttf */ = {isa = PBXFileReference; lastKnownFileType = file; path = "SourceSansPro-SemiBoldItalic.ttf"; sourceTree = "<group>"; };
		7732DCFF244FACE200C82B7F /* SourceSansPro-Italic.ttf */ = {isa = PBXFileReference; lastKnownFileType = file; path = "SourceSansPro-Italic.ttf"; sourceTree = "<group>"; };
		7732DD00244FACE200C82B7F /* SourceSansPro-BoldItalic.ttf */ = {isa = PBXFileReference; lastKnownFileType = file; path = "SourceSansPro-BoldItalic.ttf"; sourceTree = "<group>"; };
		7732DD01244FACE200C82B7F /* SourceSansPro-BlackItalic.ttf */ = {isa = PBXFileReference; lastKnownFileType = file; path = "SourceSansPro-BlackItalic.ttf"; sourceTree = "<group>"; };
		773F109D245390030012B8DA /* Validators.swift */ = {isa = PBXFileReference; lastKnownFileType = sourcecode.swift; path = Validators.swift; sourceTree = "<group>"; };
		777B65A22450E5F7007D01E8 /* EmailValidation.swift */ = {isa = PBXFileReference; lastKnownFileType = sourcecode.swift; path = EmailValidation.swift; sourceTree = "<group>"; };
		777B65A42450EC86007D01E8 /* Ideas.swift */ = {isa = PBXFileReference; lastKnownFileType = sourcecode.swift; path = Ideas.swift; sourceTree = "<group>"; };
		77B6A3952448F5A400FF604B /* BetterReads.app */ = {isa = PBXFileReference; explicitFileType = wrapper.application; includeInIndex = 0; path = BetterReads.app; sourceTree = BUILT_PRODUCTS_DIR; };
		77B6A3982448F5A400FF604B /* AppDelegate.swift */ = {isa = PBXFileReference; lastKnownFileType = sourcecode.swift; path = AppDelegate.swift; sourceTree = "<group>"; };
		77B6A39A2448F5A400FF604B /* SceneDelegate.swift */ = {isa = PBXFileReference; lastKnownFileType = sourcecode.swift; path = SceneDelegate.swift; sourceTree = "<group>"; };
		77B6A39F2448F5A400FF604B /* Base */ = {isa = PBXFileReference; lastKnownFileType = file.storyboard; name = Base; path = Base.lproj/Main.storyboard; sourceTree = "<group>"; };
		77B6A3A12448F5A600FF604B /* Assets.xcassets */ = {isa = PBXFileReference; lastKnownFileType = folder.assetcatalog; path = Assets.xcassets; sourceTree = "<group>"; };
		77B6A3A42448F5A600FF604B /* Base */ = {isa = PBXFileReference; lastKnownFileType = file.storyboard; name = Base; path = Base.lproj/LaunchScreen.storyboard; sourceTree = "<group>"; };
		77B6A3A62448F5A600FF604B /* Info.plist */ = {isa = PBXFileReference; lastKnownFileType = text.plist.xml; path = Info.plist; sourceTree = "<group>"; };
/* End PBXFileReference section */

/* Begin PBXFrameworksBuildPhase section */
		77B6A3922448F5A400FF604B /* Frameworks */ = {
			isa = PBXFrameworksBuildPhase;
			buildActionMask = 2147483647;
			files = (
			);
			runOnlyForDeploymentPostprocessing = 0;
		};
/* End PBXFrameworksBuildPhase section */

/* Begin PBXGroup section */
		1B102AC9244E17490095733B /* View Controllers */ = {
			isa = PBXGroup;
			children = (
				1B102ACC244E2F600095733B /* SignInViewController.swift */,
				1B102ACA244E17790095733B /* SearchTableViewController.swift */,
			);
			path = "View Controllers";
			sourceTree = "<group>";
		};
		1B102ACE244E38E20095733B /* Views */ = {
			isa = PBXGroup;
			children = (
				1B102ACF244E390E0095733B /* SearchResultView.swift */,
				1B102AD1244E3A380095733B /* SearchResultTableViewCell.swift */,
			);
			path = Views;
			sourceTree = "<group>";
		};
		1B102AD3244E41680095733B /* Models */ = {
			isa = PBXGroup;
			children = (
				1B102AD4244E41D00095733B /* Book.swift */,
				7732DCE1244F7DF400C82B7F /* User.swift */,
			);
			path = Models;
			sourceTree = "<group>";
		};
		7732DCE3244F7F2E00C82B7F /* Model Controller */ = {
			isa = PBXGroup;
			children = (
				7732DCE4244F7F6900C82B7F /* UserController.swift */,
				1B102AD724524D3E0095733B /* SearchController.swift */,
			);
			path = "Model Controller";
			sourceTree = "<group>";
		};
		7732DCE6244FA74D00C82B7F /* Fonts */ = {
			isa = PBXGroup;
			children = (
				7732DD0E244FAD4A00C82B7F /* SourceSansPro */,
				7732DCF3244FACAF00C82B7F /* FrankRuhlLibre */,
			);
			path = Fonts;
			sourceTree = "<group>";
		};
		7732DCF3244FACAF00C82B7F /* FrankRuhlLibre */ = {
			isa = PBXGroup;
			children = (
				7732DCED244FA8F000C82B7F /* FrankRuhlLibre-Black.ttf */,
				7732DCE9244FA8EF00C82B7F /* FrankRuhlLibre-Bold.ttf */,
				7732DCEC244FA8F000C82B7F /* FrankRuhlLibre-Light.ttf */,
				7732DCEB244FA8F000C82B7F /* FrankRuhlLibre-Medium.ttf */,
				7732DCEA244FA8F000C82B7F /* FrankRuhlLibre-Regular.ttf */,
			);
			path = FrankRuhlLibre;
			sourceTree = "<group>";
		};
		7732DD0E244FAD4A00C82B7F /* SourceSansPro */ = {
			isa = PBXGroup;
			children = (
				7732DCFC244FACE200C82B7F /* SourceSansPro-Black.ttf */,
				7732DD01244FACE200C82B7F /* SourceSansPro-BlackItalic.ttf */,
				7732DCF8244FACE100C82B7F /* SourceSansPro-Bold.ttf */,
				7732DD00244FACE200C82B7F /* SourceSansPro-BoldItalic.ttf */,
				7732DCF7244FACE100C82B7F /* SourceSansPro-ExtraLight.ttf */,
				7732DCFD244FACE200C82B7F /* SourceSansPro-ExtraLightItalic.ttf */,
				7732DCFF244FACE200C82B7F /* SourceSansPro-Italic.ttf */,
				7732DCFA244FACE200C82B7F /* SourceSansPro-Light.ttf */,
				7732DCF6244FACE100C82B7F /* SourceSansPro-LightItalic.ttf */,
				7732DCF9244FACE100C82B7F /* SourceSansPro-Regular.ttf */,
				7732DCFB244FACE200C82B7F /* SourceSansPro-SemiBold.ttf */,
				7732DCFE244FACE200C82B7F /* SourceSansPro-SemiBoldItalic.ttf */,
			);
			path = SourceSansPro;
			sourceTree = "<group>";
		};
		77B6A38C2448F5A400FF604B = {
			isa = PBXGroup;
			children = (
				77B6A3972448F5A400FF604B /* BetterReads */,
				77B6A3962448F5A400FF604B /* Products */,
			);
			sourceTree = "<group>";
		};
		77B6A3962448F5A400FF604B /* Products */ = {
			isa = PBXGroup;
			children = (
				77B6A3952448F5A400FF604B /* BetterReads.app */,
			);
			name = Products;
			sourceTree = "<group>";
		};
		77B6A3972448F5A400FF604B /* BetterReads */ = {
			isa = PBXGroup;
			children = (
				77B6A3AF2448F5CE00FF604B /* Storyboards */,
				1B102AC9244E17490095733B /* View Controllers */,
				1B102ACE244E38E20095733B /* Views */,
				7732DCE3244F7F2E00C82B7F /* Model Controller */,
				1B102AD3244E41680095733B /* Models */,
				77B6A3B02448F5F500FF604B /* Resources */,
			);
			path = BetterReads;
			sourceTree = "<group>";
		};
		77B6A3AF2448F5CE00FF604B /* Storyboards */ = {
			isa = PBXGroup;
			children = (
				77B6A39E2448F5A400FF604B /* Main.storyboard */,
				77B6A3A32448F5A600FF604B /* LaunchScreen.storyboard */,
			);
			path = Storyboards;
			sourceTree = "<group>";
		};
		77B6A3B02448F5F500FF604B /* Resources */ = {
			isa = PBXGroup;
			children = (
				773F109D245390030012B8DA /* Validators.swift */,
				777B65A22450E5F7007D01E8 /* EmailValidation.swift */,
				777B65A42450EC86007D01E8 /* Ideas.swift */,
				7732DCE6244FA74D00C82B7F /* Fonts */,
				77B6A3A12448F5A600FF604B /* Assets.xcassets */,
				77B6A3A62448F5A600FF604B /* Info.plist */,
				77B6A3982448F5A400FF604B /* AppDelegate.swift */,
				77B6A39A2448F5A400FF604B /* SceneDelegate.swift */,
			);
			path = Resources;
			sourceTree = "<group>";
		};
/* End PBXGroup section */

/* Begin PBXNativeTarget section */
		77B6A3942448F5A400FF604B /* BetterReads */ = {
			isa = PBXNativeTarget;
			buildConfigurationList = 77B6A3A92448F5A600FF604B /* Build configuration list for PBXNativeTarget "BetterReads" */;
			buildPhases = (
				77B6A3912448F5A400FF604B /* Sources */,
				77B6A3922448F5A400FF604B /* Frameworks */,
				77B6A3932448F5A400FF604B /* Resources */,
			);
			buildRules = (
			);
			dependencies = (
			);
			name = BetterReads;
			productName = BetterReads;
			productReference = 77B6A3952448F5A400FF604B /* BetterReads.app */;
			productType = "com.apple.product-type.application";
		};
/* End PBXNativeTarget section */

/* Begin PBXProject section */
		77B6A38D2448F5A400FF604B /* Project object */ = {
			isa = PBXProject;
			attributes = {
				LastSwiftUpdateCheck = 1140;
				LastUpgradeCheck = 1140;
				ORGANIZATIONNAME = Labs23;
				TargetAttributes = {
					77B6A3942448F5A400FF604B = {
						CreatedOnToolsVersion = 11.4;
					};
				};
			};
			buildConfigurationList = 77B6A3902448F5A400FF604B /* Build configuration list for PBXProject "BetterReads" */;
			compatibilityVersion = "Xcode 9.3";
			developmentRegion = en;
			hasScannedForEncodings = 0;
			knownRegions = (
				en,
				Base,
			);
			mainGroup = 77B6A38C2448F5A400FF604B;
			productRefGroup = 77B6A3962448F5A400FF604B /* Products */;
			projectDirPath = "";
			projectRoot = "";
			targets = (
				77B6A3942448F5A400FF604B /* BetterReads */,
			);
		};
/* End PBXProject section */

/* Begin PBXResourcesBuildPhase section */
		77B6A3932448F5A400FF604B /* Resources */ = {
			isa = PBXResourcesBuildPhase;
			buildActionMask = 2147483647;
			files = (
				7732DCF2244FA94000C82B7F /* FrankRuhlLibre-Regular.ttf in Resources */,
				7732DCF0244FA93C00C82B7F /* FrankRuhlLibre-Light.ttf in Resources */,
				7732DD03244FACEC00C82B7F /* SourceSansPro-BlackItalic.ttf in Resources */,
				77B6A3A52448F5A600FF604B /* LaunchScreen.storyboard in Resources */,
				7732DD08244FACF800C82B7F /* SourceSansPro-Italic.ttf in Resources */,
				7732DCF1244FA93E00C82B7F /* FrankRuhlLibre-Medium.ttf in Resources */,
				7732DD0D244FAD0200C82B7F /* SourceSansPro-SemiBoldItalic.ttf in Resources */,
				7732DCEE244FA93800C82B7F /* FrankRuhlLibre-Black.ttf in Resources */,
				7732DCEF244FA93A00C82B7F /* FrankRuhlLibre-Bold.ttf in Resources */,
				7732DD0A244FACFC00C82B7F /* SourceSansPro-LightItalic.ttf in Resources */,
				7732DD05244FACF000C82B7F /* SourceSansPro-BoldItalic.ttf in Resources */,
				7732DD07244FACF600C82B7F /* SourceSansPro-ExtraLightItalic.ttf in Resources */,
				7732DD06244FACF300C82B7F /* SourceSansPro-ExtraLight.ttf in Resources */,
				77B6A3A22448F5A600FF604B /* Assets.xcassets in Resources */,
				7732DD0C244FAD0000C82B7F /* SourceSansPro-SemiBold.ttf in Resources */,
				7732DD02244FACEA00C82B7F /* SourceSansPro-Black.ttf in Resources */,
				7732DD04244FACEE00C82B7F /* SourceSansPro-Bold.ttf in Resources */,
				77B6A3A02448F5A400FF604B /* Main.storyboard in Resources */,
				7732DD09244FACFA00C82B7F /* SourceSansPro-Light.ttf in Resources */,
				7732DD0B244FACFE00C82B7F /* SourceSansPro-Regular.ttf in Resources */,
			);
			runOnlyForDeploymentPostprocessing = 0;
		};
/* End PBXResourcesBuildPhase section */

/* Begin PBXSourcesBuildPhase section */
		77B6A3912448F5A400FF604B /* Sources */ = {
			isa = PBXSourcesBuildPhase;
			buildActionMask = 2147483647;
			files = (
				1B102AD5244E41D00095733B /* Book.swift in Sources */,
				1B102AD2244E3A380095733B /* SearchResultTableViewCell.swift in Sources */,
				7732DCE5244F7F6900C82B7F /* UserController.swift in Sources */,
				1B102AD0244E390E0095733B /* SearchResultView.swift in Sources */,
				77B6A3992448F5A400FF604B /* AppDelegate.swift in Sources */,
				777B65A32450E5F7007D01E8 /* EmailValidation.swift in Sources */,
				7732DCE2244F7DF400C82B7F /* User.swift in Sources */,
				1B102AD824524D3F0095733B /* SearchController.swift in Sources */,
				77B6A39B2448F5A400FF604B /* SceneDelegate.swift in Sources */,
				1B102ACD244E2F600095733B /* SignInViewController.swift in Sources */,
				1B102ACB244E17790095733B /* SearchTableViewController.swift in Sources */,
				773F109E245390030012B8DA /* Validators.swift in Sources */,
				777B65A52450EC86007D01E8 /* Ideas.swift in Sources */,
			);
			runOnlyForDeploymentPostprocessing = 0;
		};
/* End PBXSourcesBuildPhase section */

/* Begin PBXVariantGroup section */
		77B6A39E2448F5A400FF604B /* Main.storyboard */ = {
			isa = PBXVariantGroup;
			children = (
				77B6A39F2448F5A400FF604B /* Base */,
			);
			name = Main.storyboard;
			sourceTree = "<group>";
		};
		77B6A3A32448F5A600FF604B /* LaunchScreen.storyboard */ = {
			isa = PBXVariantGroup;
			children = (
				77B6A3A42448F5A600FF604B /* Base */,
			);
			name = LaunchScreen.storyboard;
			sourceTree = "<group>";
		};
/* End PBXVariantGroup section */

/* Begin XCBuildConfiguration section */
		77B6A3A72448F5A600FF604B /* Debug */ = {
			isa = XCBuildConfiguration;
			buildSettings = {
				ALWAYS_SEARCH_USER_PATHS = NO;
				CLANG_ANALYZER_NONNULL = YES;
				CLANG_ANALYZER_NUMBER_OBJECT_CONVERSION = YES_AGGRESSIVE;
				CLANG_CXX_LANGUAGE_STANDARD = "gnu++14";
				CLANG_CXX_LIBRARY = "libc++";
				CLANG_ENABLE_MODULES = YES;
				CLANG_ENABLE_OBJC_ARC = YES;
				CLANG_ENABLE_OBJC_WEAK = YES;
				CLANG_WARN_BLOCK_CAPTURE_AUTORELEASING = YES;
				CLANG_WARN_BOOL_CONVERSION = YES;
				CLANG_WARN_COMMA = YES;
				CLANG_WARN_CONSTANT_CONVERSION = YES;
				CLANG_WARN_DEPRECATED_OBJC_IMPLEMENTATIONS = YES;
				CLANG_WARN_DIRECT_OBJC_ISA_USAGE = YES_ERROR;
				CLANG_WARN_DOCUMENTATION_COMMENTS = YES;
				CLANG_WARN_EMPTY_BODY = YES;
				CLANG_WARN_ENUM_CONVERSION = YES;
				CLANG_WARN_INFINITE_RECURSION = YES;
				CLANG_WARN_INT_CONVERSION = YES;
				CLANG_WARN_NON_LITERAL_NULL_CONVERSION = YES;
				CLANG_WARN_OBJC_IMPLICIT_RETAIN_SELF = YES;
				CLANG_WARN_OBJC_LITERAL_CONVERSION = YES;
				CLANG_WARN_OBJC_ROOT_CLASS = YES_ERROR;
				CLANG_WARN_RANGE_LOOP_ANALYSIS = YES;
				CLANG_WARN_STRICT_PROTOTYPES = YES;
				CLANG_WARN_SUSPICIOUS_MOVE = YES;
				CLANG_WARN_UNGUARDED_AVAILABILITY = YES_AGGRESSIVE;
				CLANG_WARN_UNREACHABLE_CODE = YES;
				CLANG_WARN__DUPLICATE_METHOD_MATCH = YES;
				COPY_PHASE_STRIP = NO;
				DEBUG_INFORMATION_FORMAT = dwarf;
				ENABLE_STRICT_OBJC_MSGSEND = YES;
				ENABLE_TESTABILITY = YES;
				GCC_C_LANGUAGE_STANDARD = gnu11;
				GCC_DYNAMIC_NO_PIC = NO;
				GCC_NO_COMMON_BLOCKS = YES;
				GCC_OPTIMIZATION_LEVEL = 0;
				GCC_PREPROCESSOR_DEFINITIONS = (
					"DEBUG=1",
					"$(inherited)",
				);
				GCC_WARN_64_TO_32_BIT_CONVERSION = YES;
				GCC_WARN_ABOUT_RETURN_TYPE = YES_ERROR;
				GCC_WARN_UNDECLARED_SELECTOR = YES;
				GCC_WARN_UNINITIALIZED_AUTOS = YES_AGGRESSIVE;
				GCC_WARN_UNUSED_FUNCTION = YES;
				GCC_WARN_UNUSED_VARIABLE = YES;
				IPHONEOS_DEPLOYMENT_TARGET = 13.4;
				MTL_ENABLE_DEBUG_INFO = INCLUDE_SOURCE;
				MTL_FAST_MATH = YES;
				ONLY_ACTIVE_ARCH = YES;
				SDKROOT = iphoneos;
				SWIFT_ACTIVE_COMPILATION_CONDITIONS = DEBUG;
				SWIFT_OPTIMIZATION_LEVEL = "-Onone";
			};
			name = Debug;
		};
		77B6A3A82448F5A600FF604B /* Release */ = {
			isa = XCBuildConfiguration;
			buildSettings = {
				ALWAYS_SEARCH_USER_PATHS = NO;
				CLANG_ANALYZER_NONNULL = YES;
				CLANG_ANALYZER_NUMBER_OBJECT_CONVERSION = YES_AGGRESSIVE;
				CLANG_CXX_LANGUAGE_STANDARD = "gnu++14";
				CLANG_CXX_LIBRARY = "libc++";
				CLANG_ENABLE_MODULES = YES;
				CLANG_ENABLE_OBJC_ARC = YES;
				CLANG_ENABLE_OBJC_WEAK = YES;
				CLANG_WARN_BLOCK_CAPTURE_AUTORELEASING = YES;
				CLANG_WARN_BOOL_CONVERSION = YES;
				CLANG_WARN_COMMA = YES;
				CLANG_WARN_CONSTANT_CONVERSION = YES;
				CLANG_WARN_DEPRECATED_OBJC_IMPLEMENTATIONS = YES;
				CLANG_WARN_DIRECT_OBJC_ISA_USAGE = YES_ERROR;
				CLANG_WARN_DOCUMENTATION_COMMENTS = YES;
				CLANG_WARN_EMPTY_BODY = YES;
				CLANG_WARN_ENUM_CONVERSION = YES;
				CLANG_WARN_INFINITE_RECURSION = YES;
				CLANG_WARN_INT_CONVERSION = YES;
				CLANG_WARN_NON_LITERAL_NULL_CONVERSION = YES;
				CLANG_WARN_OBJC_IMPLICIT_RETAIN_SELF = YES;
				CLANG_WARN_OBJC_LITERAL_CONVERSION = YES;
				CLANG_WARN_OBJC_ROOT_CLASS = YES_ERROR;
				CLANG_WARN_RANGE_LOOP_ANALYSIS = YES;
				CLANG_WARN_STRICT_PROTOTYPES = YES;
				CLANG_WARN_SUSPICIOUS_MOVE = YES;
				CLANG_WARN_UNGUARDED_AVAILABILITY = YES_AGGRESSIVE;
				CLANG_WARN_UNREACHABLE_CODE = YES;
				CLANG_WARN__DUPLICATE_METHOD_MATCH = YES;
				COPY_PHASE_STRIP = NO;
				DEBUG_INFORMATION_FORMAT = "dwarf-with-dsym";
				ENABLE_NS_ASSERTIONS = NO;
				ENABLE_STRICT_OBJC_MSGSEND = YES;
				GCC_C_LANGUAGE_STANDARD = gnu11;
				GCC_NO_COMMON_BLOCKS = YES;
				GCC_WARN_64_TO_32_BIT_CONVERSION = YES;
				GCC_WARN_ABOUT_RETURN_TYPE = YES_ERROR;
				GCC_WARN_UNDECLARED_SELECTOR = YES;
				GCC_WARN_UNINITIALIZED_AUTOS = YES_AGGRESSIVE;
				GCC_WARN_UNUSED_FUNCTION = YES;
				GCC_WARN_UNUSED_VARIABLE = YES;
				IPHONEOS_DEPLOYMENT_TARGET = 13.4;
				MTL_ENABLE_DEBUG_INFO = NO;
				MTL_FAST_MATH = YES;
				SDKROOT = iphoneos;
				SWIFT_COMPILATION_MODE = wholemodule;
				SWIFT_OPTIMIZATION_LEVEL = "-O";
				VALIDATE_PRODUCT = YES;
			};
			name = Release;
		};
		77B6A3AA2448F5A600FF604B /* Debug */ = {
			isa = XCBuildConfiguration;
			buildSettings = {
				ASSETCATALOG_COMPILER_APPICON_NAME = AppIcon;
				CODE_SIGN_STYLE = Automatic;
				DEVELOPMENT_TEAM = 63GJL7X8L2;
				INFOPLIST_FILE = BetterReads/Resources/Info.plist;
				IPHONEOS_DEPLOYMENT_TARGET = 13.1;
				LD_RUNPATH_SEARCH_PATHS = (
					"$(inherited)",
					"@executable_path/Frameworks",
				);
				PRODUCT_BUNDLE_IDENTIFIER = com.ciaranotclara.BetterReads;
				PRODUCT_NAME = "$(TARGET_NAME)";
				SWIFT_VERSION = 5.0;
				TARGETED_DEVICE_FAMILY = 1;
			};
			name = Debug;
		};
		77B6A3AB2448F5A600FF604B /* Release */ = {
			isa = XCBuildConfiguration;
			buildSettings = {
				ASSETCATALOG_COMPILER_APPICON_NAME = AppIcon;
				CODE_SIGN_STYLE = Automatic;
				DEVELOPMENT_TEAM = 63GJL7X8L2;
				INFOPLIST_FILE = BetterReads/Resources/Info.plist;
				IPHONEOS_DEPLOYMENT_TARGET = 13.1;
				LD_RUNPATH_SEARCH_PATHS = (
					"$(inherited)",
					"@executable_path/Frameworks",
				);
				PRODUCT_BUNDLE_IDENTIFIER = com.ciaranotclara.BetterReads;
				PRODUCT_NAME = "$(TARGET_NAME)";
				SWIFT_VERSION = 5.0;
				TARGETED_DEVICE_FAMILY = 1;
			};
			name = Release;
		};
/* End XCBuildConfiguration section */

/* Begin XCConfigurationList section */
		77B6A3902448F5A400FF604B /* Build configuration list for PBXProject "BetterReads" */ = {
			isa = XCConfigurationList;
			buildConfigurations = (
				77B6A3A72448F5A600FF604B /* Debug */,
				77B6A3A82448F5A600FF604B /* Release */,
			);
			defaultConfigurationIsVisible = 0;
			defaultConfigurationName = Release;
		};
		77B6A3A92448F5A600FF604B /* Build configuration list for PBXNativeTarget "BetterReads" */ = {
			isa = XCConfigurationList;
			buildConfigurations = (
				77B6A3AA2448F5A600FF604B /* Debug */,
				77B6A3AB2448F5A600FF604B /* Release */,
			);
			defaultConfigurationIsVisible = 0;
			defaultConfigurationName = Release;
		};
/* End XCConfigurationList section */
	};
	rootObject = 77B6A38D2448F5A400FF604B /* Project object */;
}
